
Microsoft Visual Studio Solution File, Format Version 12.00
# Visual Studio 15
VisualStudioVersion = 15.0.26403.7
MinimumVisualStudioVersion = 10.0.40219.1
Project("{FAE04EC0-301F-11D3-BF4B-00C04F79EFBC}") = "SharePointAddinExample", "SharePointAddinExample\SharePointAddinExample.csproj", "{727A73D7-C862-4A6F-B8FB-914693286C87}"
EndProject
Project("{FAE04EC0-301F-11D3-BF4B-00C04F79EFBC}") = "SharePointAddinExampleWeb", "SharePointAddinExampleWeb\SharePointAddinExampleWeb.csproj", "{3CD24281-E3A4-44DC-BB02-FC9FA7EF10C0}"
EndProject
Global
	GlobalSection(SolutionConfigurationPlatforms) = preSolution
		Debug|Any CPU = Debug|Any CPU
		Release|Any CPU = Release|Any CPU
	EndGlobalSection
	GlobalSection(ProjectConfigurationPlatforms) = postSolution
		{727A73D7-C862-4A6F-B8FB-914693286C87}.Debug|Any CPU.ActiveCfg = Debug|Any CPU
		{727A73D7-C862-4A6F-B8FB-914693286C87}.Debug|Any CPU.Build.0 = Debug|Any CPU
		{727A73D7-C862-4A6F-B8FB-914693286C87}.Debug|Any CPU.Deploy.0 = Debug|Any CPU
		{727A73D7-C862-4A6F-B8FB-914693286C87}.Release|Any CPU.ActiveCfg = Release|Any CPU
		{727A73D7-C862-4A6F-B8FB-914693286C87}.Release|Any CPU.Build.0 = Release|Any CPU
		{727A73D7-C862-4A6F-B8FB-914693286C87}.Release|Any CPU.Deploy.0 = Release|Any CPU
		{3CD24281-E3A4-44DC-BB02-FC9FA7EF10C0}.Debug|Any CPU.ActiveCfg = Debug|Any CPU
		{3CD24281-E3A4-44DC-BB02-FC9FA7EF10C0}.Debug|Any CPU.Build.0 = Debug|Any CPU
		{3CD24281-E3A4-44DC-BB02-FC9FA7EF10C0}.Release|Any CPU.ActiveCfg = Release|Any CPU
		{3CD24281-E3A4-44DC-BB02-FC9FA7EF10C0}.Release|Any CPU.Build.0 = Release|Any CPU
	EndGlobalSection
	GlobalSection(SolutionProperties) = preSolution
		HideSolutionNode = FALSE
	EndGlobalSection
EndGlobal
