
Microsoft Visual Studio Solution File, Format Version 12.00
# Visual Studio 15
VisualStudioVersion = 15.0.26430.6
MinimumVisualStudioVersion = 10.0.40219.1
Project("{FAE04EC0-301F-11D3-BF4B-00C04F79EFBC}") = "VisualDatabaseTools", "VisualDatabaseTools\VisualDatabaseTools.csproj", "{EE9CD49B-55C4-493C-9024-961959320C3F}"
EndProject
Project("{00D1A9C2-B5F0-4AF3-8072-F6C62B433612}") = "CRMDatabase", "CRMDatabase\CRMDatabase.sqlproj", "{6D36552A-A825-45CE-98E5-24B9F7516763}"
EndProject
Global
	GlobalSection(SolutionConfigurationPlatforms) = preSolution
		Debug|Any CPU = Debug|Any CPU
		Release|Any CPU = Release|Any CPU
	EndGlobalSection
	GlobalSection(ProjectConfigurationPlatforms) = postSolution
		{EE9CD49B-55C4-493C-9024-961959320C3F}.Debug|Any CPU.ActiveCfg = Debug|Any CPU
		{EE9CD49B-55C4-493C-9024-961959320C3F}.Debug|Any CPU.Build.0 = Debug|Any CPU
		{EE9CD49B-55C4-493C-9024-961959320C3F}.Release|Any CPU.ActiveCfg = Release|Any CPU
		{EE9CD49B-55C4-493C-9024-961959320C3F}.Release|Any CPU.Build.0 = Release|Any CPU
		{6D36552A-A825-45CE-98E5-24B9F7516763}.Debug|Any CPU.ActiveCfg = Debug|Any CPU
		{6D36552A-A825-45CE-98E5-24B9F7516763}.Debug|Any CPU.Build.0 = Debug|Any CPU
		{6D36552A-A825-45CE-98E5-24B9F7516763}.Debug|Any CPU.Deploy.0 = Debug|Any CPU
		{6D36552A-A825-45CE-98E5-24B9F7516763}.Release|Any CPU.ActiveCfg = Release|Any CPU
		{6D36552A-A825-45CE-98E5-24B9F7516763}.Release|Any CPU.Build.0 = Release|Any CPU
		{6D36552A-A825-45CE-98E5-24B9F7516763}.Release|Any CPU.Deploy.0 = Release|Any CPU
	EndGlobalSection
	GlobalSection(SolutionProperties) = preSolution
		HideSolutionNode = FALSE
	EndGlobalSection
EndGlobal
